lockfileVersion: '9.0'

settings:
  autoInstallPeers: true
  excludeLinksFromLockfile: false

importers:

  .:
    dependencies:
      nodemailer:
        specifier: latest
        version: 6.9.16
    devDependencies:
      '@biomejs/biome':
        specifier: latest
        version: 1.9.4
      '@types/node':
        specifier: latest
        version: 22.10.3
      '@types/nodemailer':
        specifier: latest
        version: 6.4.17
      bun:
        specifier: latest
        version: 1.1.42
      typescript:
        specifier: latest
        version: 5.7.2

packages:

  '@biomejs/biome@1.9.4':
    resolution: {integrity: sha512-1rkd7G70+o9KkTn5KLmDYXihGoTaIGO9PIIN2ZB7UJxFrWw04CZHPYiMRjYsaDvVV7hP1dYNRLxSANLaBFGpog==}
    engines: {node: '>=14.21.3'}
    hasBin: true

  '@biomejs/cli-darwin-arm64@1.9.4':
    resolution: {integrity: sha512-bFBsPWrNvkdKrNCYeAp+xo2HecOGPAy9WyNyB/jKnnedgzl4W4Hb9ZMzYNbf8dMCGmUdSavlYHiR01QaYR58cw==}
    engines: {node: '>=14.21.3'}
    cpu: [arm64]
    os: [darwin]

  '@biomejs/cli-darwin-x64@1.9.4':
    resolution: {integrity: sha512-ngYBh/+bEedqkSevPVhLP4QfVPCpb+4BBe2p7Xs32dBgs7rh9nY2AIYUL6BgLw1JVXV8GlpKmb/hNiuIxfPfZg==}
    engines: {node: '>=14.21.3'}
    cpu: [x64]
    os: [darwin]

  '@biomejs/cli-linux-arm64-musl@1.9.4':
    resolution: {integrity: sha512-v665Ct9WCRjGa8+kTr0CzApU0+XXtRgwmzIf1SeKSGAv+2scAlW6JR5PMFo6FzqqZ64Po79cKODKf3/AAmECqA==}
    engines: {node: '>=14.21.3'}
    cpu: [arm64]
    os: [linux]

  '@biomejs/cli-linux-arm64@1.9.4':
    resolution: {integrity: sha512-fJIW0+LYujdjUgJJuwesP4EjIBl/N/TcOX3IvIHJQNsAqvV2CHIogsmA94BPG6jZATS4Hi+xv4SkBBQSt1N4/g==}
    engines: {node: '>=14.21.3'}
    cpu: [arm64]
    os: [linux]

  '@biomejs/cli-linux-x64-musl@1.9.4':
    resolution: {integrity: sha512-gEhi/jSBhZ2m6wjV530Yy8+fNqG8PAinM3oV7CyO+6c3CEh16Eizm21uHVsyVBEB6RIM8JHIl6AGYCv6Q6Q9Tg==}
    engines: {node: '>=14.21.3'}
    cpu: [x64]
    os: [linux]

  '@biomejs/cli-linux-x64@1.9.4':
    resolution: {integrity: sha512-lRCJv/Vi3Vlwmbd6K+oQ0KhLHMAysN8lXoCI7XeHlxaajk06u7G+UsFSO01NAs5iYuWKmVZjmiOzJ0OJmGsMwg==}
    engines: {node: '>=14.21.3'}
    cpu: [x64]
    os: [linux]

  '@biomejs/cli-win32-arm64@1.9.4':
    resolution: {integrity: sha512-tlbhLk+WXZmgwoIKwHIHEBZUwxml7bRJgk0X2sPyNR3S93cdRq6XulAZRQJ17FYGGzWne0fgrXBKpl7l4M87Hg==}
    engines: {node: '>=14.21.3'}
    cpu: [arm64]
    os: [win32]

  '@biomejs/cli-win32-x64@1.9.4':
    resolution: {integrity: sha512-8Y5wMhVIPaWe6jw2H+KlEm4wP/f7EW3810ZLmDlrEEy5KvBsb9ECEfu/kMWD484ijfQ8+nIi0giMgu9g1UAuuA==}
    engines: {node: '>=14.21.3'}
    cpu: [x64]
    os: [win32]

  '@oven/bun-darwin-aarch64@1.1.42':
    resolution: {integrity: sha512-7kQkTVr99ndcU72xlIzA2QLavvT/DnEhvwTAq7LKi9/P3GtSAkhoA6UWZUa7pYw7OYHpUrEGXlV+PR3LllkGnw==}
    cpu: [arm64]
    os: [darwin]

  '@oven/bun-darwin-x64-baseline@1.1.42':
    resolution: {integrity: sha512-26mtzVRLp/x89s27fXExG1vCCBOOFHLdqVYg/lHZMdDNHSh7Q7UiUhDRa+aVBlbsaGfw1LzoXdhh7Zy2hlF/6w==}
    cpu: [x64]
    os: [darwin]

  '@oven/bun-darwin-x64@1.1.42':
    resolution: {integrity: sha512-2IPJnLvwLlD8YaXPbWwlpw2UvVrZE6/0uRbcSJNzZQAAZjEfN8AodqNRhggptn0A9vDmAw6q1U07QbiE4ilofw==}
    cpu: [x64]
    os: [darwin]

  '@oven/bun-linux-aarch64-musl@1.1.42':
    resolution: {integrity: sha512-PwbNLoirazjTYTSydn2AnId0jBJexZ99cwftOfdzIGCF5anEWvNEZ8PL4o79jHIhE0t01qGc8br9fQbiQ+iArw==}
    cpu: [aarch64]
    os: [linux]

  '@oven/bun-linux-aarch64@1.1.42':
    resolution: {integrity: sha512-qkoqI+oMcQ8GUej71qkAVj/VLlVpoBRyiYBQYq4yWsy+FU2jr2KWTeNZWrsY2crDiZj38AMNXJiKBr/EMy4MRg==}
    cpu: [arm64]
    os: [linux]

  '@oven/bun-linux-x64-baseline@1.1.42':
    resolution: {integrity: sha512-UzRNXgHEARFECgz30eot23OnPzd0J2L5SEsGhnGRhfJ706kjz0XmuGMnb9nmnoyHBcd2iSjk4nci1BlGmu4wCA==}
    cpu: [x64]
    os: [linux]

  '@oven/bun-linux-x64-musl-baseline@1.1.42':
    resolution: {integrity: sha512-zgeiYJRGO3K4uK6Qdj1B5ZbU9NJxLwF9YGDFu9MtqEplyGNq7SpeuamvcP6SlZGgrVnc3AWrHFEYrVlv5Lqt+w==}
    cpu: [x64]
    os: [linux]

  '@oven/bun-linux-x64-musl@1.1.42':
    resolution: {integrity: sha512-Djye8lPlhVNXdGbMF4bShVop8qvqPhPuPrhxEHfYJ8qhudSs2MiOWR5stvBWe8KLKahqDAWfWXuxByAXVhqb2Q==}
    cpu: [x64]
    os: [linux]

  '@oven/bun-linux-x64@1.1.42':
    resolution: {integrity: sha512-rV8Eqnvo/1z0nwYSiLrbl0F4G8uFQxlGA4P0zggW9W4PSiSHSRhG1aazG/8esBLzJI9CdFNncrtmiRTmWl1mIg==}
    cpu: [x64]
    os: [linux]

  '@oven/bun-windows-x64-baseline@1.1.42':
    resolution: {integrity: sha512-xnlYa1jKknImCw7xmSD91H8e+w3BC6mIShOfHhFWfNhdyvEtundXhIu7VddwxKBMs5S/iiFJiutnZ2EyLq4CAQ==}
    cpu: [x64]
    os: [win32]

  '@oven/bun-windows-x64@1.1.42':
    resolution: {integrity: sha512-6eyHs6fVRCy0ujltYTwSX3bug+PqlgZRBv8x0PPekviaCJWYrFKVpHodA2972+Mih2pATurBSX2sLVq5uJUU7Q==}
    cpu: [x64]
    os: [win32]

  '@types/node@22.10.3':
    resolution: {integrity: sha512-DifAyw4BkrufCILvD3ucnuN8eydUfc/C1GlyrnI+LK6543w5/L3VeVgf05o3B4fqSXP1dKYLOZsKfutpxPzZrw==}

  '@types/nodemailer@6.4.17':
    resolution: {integrity: sha512-I9CCaIp6DTldEg7vyUTZi8+9Vo0hi1/T8gv3C89yk1rSAAzoKQ8H8ki/jBYJSFoH/BisgLP8tkZMlQ91CIquww==}

  bun@1.1.42:
    resolution: {integrity: sha512-PckeNolMEBaBEzixTMvp0jJD9r/9lly8AfctILi1ve14zwwChFjsxI4TJLQO2yezzOjVeG0u7xf8WQFbS7GjAA==}
    os: [darwin, linux, win32]
    hasBin: true

  nodemailer@6.9.16:
    resolution: {integrity: sha512-psAuZdTIRN08HKVd/E8ObdV6NO7NTBY3KsC30F7M4H1OnmLCUNaS56FpYxyb26zWLSyYF9Ozch9KYHhHegsiOQ==}
    engines: {node: '>=6.0.0'}

  typescript@5.7.2:
    resolution: {integrity: sha512-i5t66RHxDvVN40HfDd1PsEThGNnlMCMT3jMUuoh9/0TaqWevNontacunWyN02LA9/fIbEWlcHZcgTKb9QoaLfg==}
    engines: {node: '>=14.17'}
    hasBin: true

  undici-types@6.20.0:
    resolution: {integrity: sha512-Ny6QZ2Nju20vw1SRHe3d9jVu6gJ+4e3+MMpqu7pqE5HT6WsTSlce++GQmK5UXS8mzV8DSYHrQH+Xrf2jVcuKNg==}

snapshots:

  '@biomejs/biome@1.9.4':
    optionalDependencies:
      '@biomejs/cli-darwin-arm64': 1.9.4
      '@biomejs/cli-darwin-x64': 1.9.4
      '@biomejs/cli-linux-arm64': 1.9.4
      '@biomejs/cli-linux-arm64-musl': 1.9.4
      '@biomejs/cli-linux-x64': 1.9.4
      '@biomejs/cli-linux-x64-musl': 1.9.4
      '@biomejs/cli-win32-arm64': 1.9.4
      '@biomejs/cli-win32-x64': 1.9.4

  '@biomejs/cli-darwin-arm64@1.9.4':
    optional: true

  '@biomejs/cli-darwin-x64@1.9.4':
    optional: true

  '@biomejs/cli-linux-arm64-musl@1.9.4':
    optional: true

  '@biomejs/cli-linux-arm64@1.9.4':
    optional: true

  '@biomejs/cli-linux-x64-musl@1.9.4':
    optional: true

  '@biomejs/cli-linux-x64@1.9.4':
    optional: true

  '@biomejs/cli-win32-arm64@1.9.4':
    optional: true

  '@biomejs/cli-win32-x64@1.9.4':
    optional: true

  '@oven/bun-darwin-aarch64@1.1.42':
    optional: true

  '@oven/bun-darwin-x64-baseline@1.1.42':
    optional: true

  '@oven/bun-darwin-x64@1.1.42':
    optional: true

  '@oven/bun-linux-aarch64-musl@1.1.42':
    optional: true

  '@oven/bun-linux-aarch64@1.1.42':
    optional: true

  '@oven/bun-linux-x64-baseline@1.1.42':
    optional: true

  '@oven/bun-linux-x64-musl-baseline@1.1.42':
    optional: true

  '@oven/bun-linux-x64-musl@1.1.42':
    optional: true

  '@oven/bun-linux-x64@1.1.42':
    optional: true

  '@oven/bun-windows-x64-baseline@1.1.42':
    optional: true

  '@oven/bun-windows-x64@1.1.42':
    optional: true

  '@types/node@22.10.3':
    dependencies:
      undici-types: 6.20.0

  '@types/nodemailer@6.4.17':
    dependencies:
      '@types/node': 22.10.3

  bun@1.1.42:
    optionalDependencies:
      '@oven/bun-darwin-aarch64': 1.1.42
      '@oven/bun-darwin-x64': 1.1.42
      '@oven/bun-darwin-x64-baseline': 1.1.42
      '@oven/bun-linux-aarch64': 1.1.42
      '@oven/bun-linux-aarch64-musl': 1.1.42
      '@oven/bun-linux-x64': 1.1.42
      '@oven/bun-linux-x64-baseline': 1.1.42
      '@oven/bun-linux-x64-musl': 1.1.42
      '@oven/bun-linux-x64-musl-baseline': 1.1.42
      '@oven/bun-windows-x64': 1.1.42
      '@oven/bun-windows-x64-baseline': 1.1.42

  nodemailer@6.9.16: {}

  typescript@5.7.2: {}

  undici-types@6.20.0: {}
